
Microsoft Visual Studio Solution File, Format Version 12.00
# Visual Studio Version 17
VisualStudioVersion = 17.9.34723.18
MinimumVisualStudioVersion = 10.0.40219.1
Project("{FAE04EC0-301F-11D3-BF4B-00C04F79EFBC}") = "Ejercicio Nro 03", "Ejercicio Nro 03\Ejercicio Nro 03.csproj", "{8DFDF702-4BA9-4589-A296-B0088A51D725}"
EndProject
Global
	GlobalSection(SolutionConfigurationPlatforms) = preSolution
		Debug|Any CPU = Debug|Any CPU
		Release|Any CPU = Release|Any CPU
	EndGlobalSection
	GlobalSection(ProjectConfigurationPlatforms) = postSolution
		{8DFDF702-4BA9-4589-A296-B0088A51D725}.Debug|Any CPU.ActiveCfg = Debug|Any CPU
		{8DFDF702-4BA9-4589-A296-B0088A51D725}.Debug|Any CPU.Build.0 = Debug|Any CPU
		{8DFDF702-4BA9-4589-A296-B0088A51D725}.Release|Any CPU.ActiveCfg = Release|Any CPU
		{8DFDF702-4BA9-4589-A296-B0088A51D725}.Release|Any CPU.Build.0 = Release|Any CPU
	EndGlobalSection
	GlobalSection(SolutionProperties) = preSolution
		HideSolutionNode = FALSE
	EndGlobalSection
	GlobalSection(ExtensibilityGlobals) = postSolution
		SolutionGuid = {CF832ABA-25DF-4E9C-B36E-6EE3B2BD267F}
	EndGlobalSection
EndGlobal
