
Microsoft Visual Studio Solution File, Format Version 12.00
# Visual Studio Version 17
VisualStudioVersion = 17.9.34728.123
MinimumVisualStudioVersion = 10.0.40219.1
Project("{FAE04EC0-301F-11D3-BF4B-00C04F79EFBC}") = "Entidades", "Entidades\Entidades.csproj", "{4EC546E7-4484-4453-9CDD-955DBF076AAB}"
EndProject
Project("{FAE04EC0-301F-11D3-BF4B-00C04F79EFBC}") = "MiConcesionaria", "MiConcesionaria\MiConcesionaria.csproj", "{C82135AA-3AA1-4929-8E79-85672F5B06D5}"
EndProject
Global
	GlobalSection(SolutionConfigurationPlatforms) = preSolution
		Debug|Any CPU = Debug|Any CPU
		Release|Any CPU = Release|Any CPU
	EndGlobalSection
	GlobalSection(ProjectConfigurationPlatforms) = postSolution
		{4EC546E7-4484-4453-9CDD-955DBF076AAB}.Debug|Any CPU.ActiveCfg = Debug|Any CPU
		{4EC546E7-4484-4453-9CDD-955DBF076AAB}.Debug|Any CPU.Build.0 = Debug|Any CPU
		{4EC546E7-4484-4453-9CDD-955DBF076AAB}.Release|Any CPU.ActiveCfg = Release|Any CPU
		{4EC546E7-4484-4453-9CDD-955DBF076AAB}.Release|Any CPU.Build.0 = Release|Any CPU
		{C82135AA-3AA1-4929-8E79-85672F5B06D5}.Debug|Any CPU.ActiveCfg = Debug|Any CPU
		{C82135AA-3AA1-4929-8E79-85672F5B06D5}.Debug|Any CPU.Build.0 = Debug|Any CPU
		{C82135AA-3AA1-4929-8E79-85672F5B06D5}.Release|Any CPU.ActiveCfg = Release|Any CPU
		{C82135AA-3AA1-4929-8E79-85672F5B06D5}.Release|Any CPU.Build.0 = Release|Any CPU
	EndGlobalSection
	GlobalSection(SolutionProperties) = preSolution
		HideSolutionNode = FALSE
	EndGlobalSection
	GlobalSection(ExtensibilityGlobals) = postSolution
		SolutionGuid = {692B31C0-2CA9-41F7-89B1-90403BCAD65A}
	EndGlobalSection
EndGlobal
