
Microsoft Visual Studio Solution File, Format Version 12.00
# Visual Studio Version 17
VisualStudioVersion = 17.9.34723.18
MinimumVisualStudioVersion = 10.0.40219.1
Project("{FAE04EC0-301F-11D3-BF4B-00C04F79EFBC}") = "Ejercicio Nro 03", "Ejercicio Nro 03\Ejercicio Nro 03.csproj", "{A641EA77-F206-46FD-863D-8ABC2BFC32D6}"
EndProject
Project("{FAE04EC0-301F-11D3-BF4B-00C04F79EFBC}") = "Entidades", "Entidades\Entidades.csproj", "{10E8261A-6D2B-4A7C-A710-3F5A9C0453DE}"
EndProject
Global
	GlobalSection(SolutionConfigurationPlatforms) = preSolution
		Debug|Any CPU = Debug|Any CPU
		Release|Any CPU = Release|Any CPU
	EndGlobalSection
	GlobalSection(ProjectConfigurationPlatforms) = postSolution
		{A641EA77-F206-46FD-863D-8ABC2BFC32D6}.Debug|Any CPU.ActiveCfg = Debug|Any CPU
		{A641EA77-F206-46FD-863D-8ABC2BFC32D6}.Debug|Any CPU.Build.0 = Debug|Any CPU
		{A641EA77-F206-46FD-863D-8ABC2BFC32D6}.Release|Any CPU.ActiveCfg = Release|Any CPU
		{A641EA77-F206-46FD-863D-8ABC2BFC32D6}.Release|Any CPU.Build.0 = Release|Any CPU
		{10E8261A-6D2B-4A7C-A710-3F5A9C0453DE}.Debug|Any CPU.ActiveCfg = Debug|Any CPU
		{10E8261A-6D2B-4A7C-A710-3F5A9C0453DE}.Debug|Any CPU.Build.0 = Debug|Any CPU
		{10E8261A-6D2B-4A7C-A710-3F5A9C0453DE}.Release|Any CPU.ActiveCfg = Release|Any CPU
		{10E8261A-6D2B-4A7C-A710-3F5A9C0453DE}.Release|Any CPU.Build.0 = Release|Any CPU
	EndGlobalSection
	GlobalSection(SolutionProperties) = preSolution
		HideSolutionNode = FALSE
	EndGlobalSection
	GlobalSection(ExtensibilityGlobals) = postSolution
		SolutionGuid = {79FF2454-C57A-41CC-8BB5-352A25DA0447}
	EndGlobalSection
EndGlobal
