
Microsoft Visual Studio Solution File, Format Version 12.00
# Visual Studio Version 17
VisualStudioVersion = 17.9.34728.123
MinimumVisualStudioVersion = 10.0.40219.1
Project("{FAE04EC0-301F-11D3-BF4B-00C04F79EFBC}") = "MisFormularios", "FrmPrincipal\MisFormularios.csproj", "{27AC9A38-2CEC-44ED-88FD-050353A30993}"
EndProject
Global
	GlobalSection(SolutionConfigurationPlatforms) = preSolution
		Debug|Any CPU = Debug|Any CPU
		Release|Any CPU = Release|Any CPU
	EndGlobalSection
	GlobalSection(ProjectConfigurationPlatforms) = postSolution
		{27AC9A38-2CEC-44ED-88FD-050353A30993}.Debug|Any CPU.ActiveCfg = Debug|Any CPU
		{27AC9A38-2CEC-44ED-88FD-050353A30993}.Debug|Any CPU.Build.0 = Debug|Any CPU
		{27AC9A38-2CEC-44ED-88FD-050353A30993}.Release|Any CPU.ActiveCfg = Release|Any CPU
		{27AC9A38-2CEC-44ED-88FD-050353A30993}.Release|Any CPU.Build.0 = Release|Any CPU
	EndGlobalSection
	GlobalSection(SolutionProperties) = preSolution
		HideSolutionNode = FALSE
	EndGlobalSection
	GlobalSection(ExtensibilityGlobals) = postSolution
		SolutionGuid = {F103454A-42C1-4333-BC27-E43E71DB2566}
	EndGlobalSection
EndGlobal
