
Microsoft Visual Studio Solution File, Format Version 12.00
# Visual Studio Version 17
VisualStudioVersion = 17.9.34723.18
MinimumVisualStudioVersion = 10.0.40219.1
Project("{FAE04EC0-301F-11D3-BF4B-00C04F79EFBC}") = "Ejercicio Nro 07", "Ejercicio Nro 07\Ejercicio Nro 07.csproj", "{050FB8CF-A5BE-4DCD-82EF-BE4B99A1816B}"
EndProject
Global
	GlobalSection(SolutionConfigurationPlatforms) = preSolution
		Debug|Any CPU = Debug|Any CPU
		Release|Any CPU = Release|Any CPU
	EndGlobalSection
	GlobalSection(ProjectConfigurationPlatforms) = postSolution
		{050FB8CF-A5BE-4DCD-82EF-BE4B99A1816B}.Debug|Any CPU.ActiveCfg = Debug|Any CPU
		{050FB8CF-A5BE-4DCD-82EF-BE4B99A1816B}.Debug|Any CPU.Build.0 = Debug|Any CPU
		{050FB8CF-A5BE-4DCD-82EF-BE4B99A1816B}.Release|Any CPU.ActiveCfg = Release|Any CPU
		{050FB8CF-A5BE-4DCD-82EF-BE4B99A1816B}.Release|Any CPU.Build.0 = Release|Any CPU
	EndGlobalSection
	GlobalSection(SolutionProperties) = preSolution
		HideSolutionNode = FALSE
	EndGlobalSection
	GlobalSection(ExtensibilityGlobals) = postSolution
		SolutionGuid = {294A5C52-01B8-4F8C-BCD0-C61B96B9DB2C}
	EndGlobalSection
EndGlobal
