
Microsoft Visual Studio Solution File, Format Version 12.00
# Visual Studio Version 17
VisualStudioVersion = 17.9.34723.18
MinimumVisualStudioVersion = 10.0.40219.1
Project("{FAE04EC0-301F-11D3-BF4B-00C04F79EFBC}") = "Ejercicio Nro 06", "Ejercicio Nro 06\Ejercicio Nro 06.csproj", "{A6264E77-E9BF-4A8D-9D0F-CFD587DA234A}"
EndProject
Project("{FAE04EC0-301F-11D3-BF4B-00C04F79EFBC}") = "Entidades", "Entidades\Entidades.csproj", "{518D384D-A4BD-4C96-BB57-44AF6C935A95}"
EndProject
Global
	GlobalSection(SolutionConfigurationPlatforms) = preSolution
		Debug|Any CPU = Debug|Any CPU
		Release|Any CPU = Release|Any CPU
	EndGlobalSection
	GlobalSection(ProjectConfigurationPlatforms) = postSolution
		{A6264E77-E9BF-4A8D-9D0F-CFD587DA234A}.Debug|Any CPU.ActiveCfg = Debug|Any CPU
		{A6264E77-E9BF-4A8D-9D0F-CFD587DA234A}.Debug|Any CPU.Build.0 = Debug|Any CPU
		{A6264E77-E9BF-4A8D-9D0F-CFD587DA234A}.Release|Any CPU.ActiveCfg = Release|Any CPU
		{A6264E77-E9BF-4A8D-9D0F-CFD587DA234A}.Release|Any CPU.Build.0 = Release|Any CPU
		{518D384D-A4BD-4C96-BB57-44AF6C935A95}.Debug|Any CPU.ActiveCfg = Debug|Any CPU
		{518D384D-A4BD-4C96-BB57-44AF6C935A95}.Debug|Any CPU.Build.0 = Debug|Any CPU
		{518D384D-A4BD-4C96-BB57-44AF6C935A95}.Release|Any CPU.ActiveCfg = Release|Any CPU
		{518D384D-A4BD-4C96-BB57-44AF6C935A95}.Release|Any CPU.Build.0 = Release|Any CPU
	EndGlobalSection
	GlobalSection(SolutionProperties) = preSolution
		HideSolutionNode = FALSE
	EndGlobalSection
	GlobalSection(ExtensibilityGlobals) = postSolution
		SolutionGuid = {87766B57-D30E-42C7-AEA3-A931D44F3125}
	EndGlobalSection
EndGlobal
