
Microsoft Visual Studio Solution File, Format Version 12.00
# Visual Studio Version 17
VisualStudioVersion = 17.9.34723.18
MinimumVisualStudioVersion = 10.0.40219.1
Project("{FAE04EC0-301F-11D3-BF4B-00C04F79EFBC}") = "Ejercicio Nro 01", "Ejercicio Nro 01\Ejercicio Nro 01.csproj", "{C82FDCF1-F475-4775-8898-F0D8BEBF6EF1}"
EndProject
Global
	GlobalSection(SolutionConfigurationPlatforms) = preSolution
		Debug|Any CPU = Debug|Any CPU
		Release|Any CPU = Release|Any CPU
	EndGlobalSection
	GlobalSection(ProjectConfigurationPlatforms) = postSolution
		{C82FDCF1-F475-4775-8898-F0D8BEBF6EF1}.Debug|Any CPU.ActiveCfg = Debug|Any CPU
		{C82FDCF1-F475-4775-8898-F0D8BEBF6EF1}.Debug|Any CPU.Build.0 = Debug|Any CPU
		{C82FDCF1-F475-4775-8898-F0D8BEBF6EF1}.Release|Any CPU.ActiveCfg = Release|Any CPU
		{C82FDCF1-F475-4775-8898-F0D8BEBF6EF1}.Release|Any CPU.Build.0 = Release|Any CPU
	EndGlobalSection
	GlobalSection(SolutionProperties) = preSolution
		HideSolutionNode = FALSE
	EndGlobalSection
	GlobalSection(ExtensibilityGlobals) = postSolution
		SolutionGuid = {D2E73A13-F930-4917-834A-1F93BC3DE622}
	EndGlobalSection
EndGlobal
