
Microsoft Visual Studio Solution File, Format Version 12.00
# Visual Studio Version 17
VisualStudioVersion = 17.9.34723.18
MinimumVisualStudioVersion = 10.0.40219.1
Project("{FAE04EC0-301F-11D3-BF4B-00C04F79EFBC}") = "Ejercicio Nro 03", "Ejercicio Nro 03\Ejercicio Nro 03.csproj", "{33D0D01D-EECD-4C9D-AFC2-8CE2932F232F}"
EndProject
Project("{FAE04EC0-301F-11D3-BF4B-00C04F79EFBC}") = "Entidades", "Entidades\Entidades.csproj", "{67BE7D9E-2D06-4779-B6F1-8C817F18658F}"
EndProject
Global
	GlobalSection(SolutionConfigurationPlatforms) = preSolution
		Debug|Any CPU = Debug|Any CPU
		Release|Any CPU = Release|Any CPU
	EndGlobalSection
	GlobalSection(ProjectConfigurationPlatforms) = postSolution
		{33D0D01D-EECD-4C9D-AFC2-8CE2932F232F}.Debug|Any CPU.ActiveCfg = Debug|Any CPU
		{33D0D01D-EECD-4C9D-AFC2-8CE2932F232F}.Debug|Any CPU.Build.0 = Debug|Any CPU
		{33D0D01D-EECD-4C9D-AFC2-8CE2932F232F}.Release|Any CPU.ActiveCfg = Release|Any CPU
		{33D0D01D-EECD-4C9D-AFC2-8CE2932F232F}.Release|Any CPU.Build.0 = Release|Any CPU
		{67BE7D9E-2D06-4779-B6F1-8C817F18658F}.Debug|Any CPU.ActiveCfg = Debug|Any CPU
		{67BE7D9E-2D06-4779-B6F1-8C817F18658F}.Debug|Any CPU.Build.0 = Debug|Any CPU
		{67BE7D9E-2D06-4779-B6F1-8C817F18658F}.Release|Any CPU.ActiveCfg = Release|Any CPU
		{67BE7D9E-2D06-4779-B6F1-8C817F18658F}.Release|Any CPU.Build.0 = Release|Any CPU
	EndGlobalSection
	GlobalSection(SolutionProperties) = preSolution
		HideSolutionNode = FALSE
	EndGlobalSection
	GlobalSection(ExtensibilityGlobals) = postSolution
		SolutionGuid = {127AAA76-D8C7-4E65-A9E7-DD251AC9D7FA}
	EndGlobalSection
EndGlobal
