
Microsoft Visual Studio Solution File, Format Version 12.00
# Visual Studio Version 17
VisualStudioVersion = 17.9.34723.18
MinimumVisualStudioVersion = 10.0.40219.1
Project("{FAE04EC0-301F-11D3-BF4B-00C04F79EFBC}") = "Ejercicio Nro 01", "Ejercicio Nro 01\Ejercicio Nro 01.csproj", "{3A4220B6-E236-44C7-9440-4B747C93FA69}"
EndProject
Project("{FAE04EC0-301F-11D3-BF4B-00C04F79EFBC}") = "Entidades", "Entidades\Entidades.csproj", "{F83671A5-5BE2-43A7-B253-35F6EF6D0CC0}"
EndProject
Global
	GlobalSection(SolutionConfigurationPlatforms) = preSolution
		Debug|Any CPU = Debug|Any CPU
		Release|Any CPU = Release|Any CPU
	EndGlobalSection
	GlobalSection(ProjectConfigurationPlatforms) = postSolution
		{3A4220B6-E236-44C7-9440-4B747C93FA69}.Debug|Any CPU.ActiveCfg = Debug|Any CPU
		{3A4220B6-E236-44C7-9440-4B747C93FA69}.Debug|Any CPU.Build.0 = Debug|Any CPU
		{3A4220B6-E236-44C7-9440-4B747C93FA69}.Release|Any CPU.ActiveCfg = Release|Any CPU
		{3A4220B6-E236-44C7-9440-4B747C93FA69}.Release|Any CPU.Build.0 = Release|Any CPU
		{F83671A5-5BE2-43A7-B253-35F6EF6D0CC0}.Debug|Any CPU.ActiveCfg = Debug|Any CPU
		{F83671A5-5BE2-43A7-B253-35F6EF6D0CC0}.Debug|Any CPU.Build.0 = Debug|Any CPU
		{F83671A5-5BE2-43A7-B253-35F6EF6D0CC0}.Release|Any CPU.ActiveCfg = Release|Any CPU
		{F83671A5-5BE2-43A7-B253-35F6EF6D0CC0}.Release|Any CPU.Build.0 = Release|Any CPU
	EndGlobalSection
	GlobalSection(SolutionProperties) = preSolution
		HideSolutionNode = FALSE
	EndGlobalSection
	GlobalSection(ExtensibilityGlobals) = postSolution
		SolutionGuid = {25550151-3F1E-40E0-BB35-F06E3A1D82DB}
	EndGlobalSection
EndGlobal
