
Microsoft Visual Studio Solution File, Format Version 12.00
# Visual Studio Version 17
VisualStudioVersion = 17.9.34723.18
MinimumVisualStudioVersion = 10.0.40219.1
Project("{FAE04EC0-301F-11D3-BF4B-00C04F79EFBC}") = "Ejercicio Nro 02", "Ejercicio Nro 02\Ejercicio Nro 02.csproj", "{1351FFC9-4285-4312-96B9-314D3B9032BC}"
EndProject
Project("{FAE04EC0-301F-11D3-BF4B-00C04F79EFBC}") = "Billetes", "Billetes\Billetes.csproj", "{8160F892-2819-4409-AD98-FC55269DCB7E}"
EndProject
Global
	GlobalSection(SolutionConfigurationPlatforms) = preSolution
		Debug|Any CPU = Debug|Any CPU
		Release|Any CPU = Release|Any CPU
	EndGlobalSection
	GlobalSection(ProjectConfigurationPlatforms) = postSolution
		{1351FFC9-4285-4312-96B9-314D3B9032BC}.Debug|Any CPU.ActiveCfg = Debug|Any CPU
		{1351FFC9-4285-4312-96B9-314D3B9032BC}.Debug|Any CPU.Build.0 = Debug|Any CPU
		{1351FFC9-4285-4312-96B9-314D3B9032BC}.Release|Any CPU.ActiveCfg = Release|Any CPU
		{1351FFC9-4285-4312-96B9-314D3B9032BC}.Release|Any CPU.Build.0 = Release|Any CPU
		{8160F892-2819-4409-AD98-FC55269DCB7E}.Debug|Any CPU.ActiveCfg = Debug|Any CPU
		{8160F892-2819-4409-AD98-FC55269DCB7E}.Debug|Any CPU.Build.0 = Debug|Any CPU
		{8160F892-2819-4409-AD98-FC55269DCB7E}.Release|Any CPU.ActiveCfg = Release|Any CPU
		{8160F892-2819-4409-AD98-FC55269DCB7E}.Release|Any CPU.Build.0 = Release|Any CPU
	EndGlobalSection
	GlobalSection(SolutionProperties) = preSolution
		HideSolutionNode = FALSE
	EndGlobalSection
	GlobalSection(ExtensibilityGlobals) = postSolution
		SolutionGuid = {668EA82E-9522-4F4E-865A-EA3364EE6084}
	EndGlobalSection
EndGlobal
